
Microsoft Visual Studio Solution File, Format Version 12.00
# Visual Studio Version 17
VisualStudioVersion = 17.7.34018.315
MinimumVisualStudioVersion = 10.0.40219.1
Project("{FAE04EC0-301F-11D3-BF4B-00C04F79EFBC}") = "Assignment4", "Assignment4\Assignment4.csproj", "{588837FC-9620-4C88-ADDC-971DF8470A3E}"
EndProject
Global
	GlobalSection(SolutionConfigurationPlatforms) = preSolution
		Debug|Any CPU = Debug|Any CPU
		Release|Any CPU = Release|Any CPU
	EndGlobalSection
	GlobalSection(ProjectConfigurationPlatforms) = postSolution
		{588837FC-9620-4C88-ADDC-971DF8470A3E}.Debug|Any CPU.ActiveCfg = Debug|Any CPU
		{588837FC-9620-4C88-ADDC-971DF8470A3E}.Debug|Any CPU.Build.0 = Debug|Any CPU
		{588837FC-9620-4C88-ADDC-971DF8470A3E}.Release|Any CPU.ActiveCfg = Release|Any CPU
		{588837FC-9620-4C88-ADDC-971DF8470A3E}.Release|Any CPU.Build.0 = Release|Any CPU
	EndGlobalSection
	GlobalSection(SolutionProperties) = preSolution
		HideSolutionNode = FALSE
	EndGlobalSection
	GlobalSection(ExtensibilityGlobals) = postSolution
		SolutionGuid = {23CEB415-C157-4766-9052-AD74F8FC0126}
	EndGlobalSection
EndGlobal
